{
  "originHash" : "3089831bf0a40cd887f63af8d7ee9e99101df667e8252950717f265da0d26b8f",
  "pins" : [
    {
      "identity" : "generative-ai-swift",
      "kind" : "remoteSourceControl",
      "location" : "https://github.com/google-gemini/generative-ai-swift.git",
      "state" : {
        "revision" : "44b8ce120425f9cf53ca756f3434ca2c2696f8bd",
        "version" : "0.5.6"
      }
    },
    {
      "identity" : "ios-places-sdk",
      "kind" : "remoteSourceControl",
      "location" : "https://github.com/googlemaps/ios-places-sdk",
      "state" : {
        "revision" : "1737dc600c80eaeaf9b0cf0d25522b8ead713d60",
        "version" : "9.2.0"
      }
    }
  ],
  "version" : 3
}
